
Microsoft Visual Studio Solution File, Format Version 12.00
# Visual Studio 14
VisualStudioVersion = 14.0.25420.1
MinimumVisualStudioVersion = 10.0.40219.1
Project("{FAE04EC0-301F-11D3-BF4B-00C04F79EFBC}") = "SerVer", "SerVer\SerVer.csproj", "{361A7014-63CA-4164-8E6B-856084DF9A43}"
EndProject
Project("{FAE04EC0-301F-11D3-BF4B-00C04F79EFBC}") = "myStruct", "myStruct\myStruct.csproj", "{37B66F20-CE87-4542-B7FE-6BBBAED45C44}"
EndProject
Project("{FAE04EC0-301F-11D3-BF4B-00C04F79EFBC}") = "Client", "Client\Client.csproj", "{F78124E9-8600-496A-8D5B-465B63759A62}"
EndProject
Global
	GlobalSection(SolutionConfigurationPlatforms) = preSolution
		Debug|Any CPU = Debug|Any CPU
		Release|Any CPU = Release|Any CPU
	EndGlobalSection
	GlobalSection(ProjectConfigurationPlatforms) = postSolution
		{361A7014-63CA-4164-8E6B-856084DF9A43}.Debug|Any CPU.ActiveCfg = Debug|Any CPU
		{361A7014-63CA-4164-8E6B-856084DF9A43}.Debug|Any CPU.Build.0 = Debug|Any CPU
		{361A7014-63CA-4164-8E6B-856084DF9A43}.Release|Any CPU.ActiveCfg = Release|Any CPU
		{361A7014-63CA-4164-8E6B-856084DF9A43}.Release|Any CPU.Build.0 = Release|Any CPU
		{37B66F20-CE87-4542-B7FE-6BBBAED45C44}.Debug|Any CPU.ActiveCfg = Debug|Any CPU
		{37B66F20-CE87-4542-B7FE-6BBBAED45C44}.Debug|Any CPU.Build.0 = Debug|Any CPU
		{37B66F20-CE87-4542-B7FE-6BBBAED45C44}.Release|Any CPU.ActiveCfg = Release|Any CPU
		{37B66F20-CE87-4542-B7FE-6BBBAED45C44}.Release|Any CPU.Build.0 = Release|Any CPU
		{F78124E9-8600-496A-8D5B-465B63759A62}.Debug|Any CPU.ActiveCfg = Debug|Any CPU
		{F78124E9-8600-496A-8D5B-465B63759A62}.Debug|Any CPU.Build.0 = Debug|Any CPU
		{F78124E9-8600-496A-8D5B-465B63759A62}.Release|Any CPU.ActiveCfg = Release|Any CPU
		{F78124E9-8600-496A-8D5B-465B63759A62}.Release|Any CPU.Build.0 = Release|Any CPU
	EndGlobalSection
	GlobalSection(SolutionProperties) = preSolution
		HideSolutionNode = FALSE
	EndGlobalSection
EndGlobal
